
Microsoft Visual Studio Solution File, Format Version 12.00
# Visual Studio Version 16
VisualStudioVersion = 16.0.31005.135
MinimumVisualStudioVersion = 10.0.40219.1
Project("{F184B08F-C81C-45F6-A57F-5ABD9991F28F}") = "Typingkhmer", "Typingkhmer\Typingkhmer.vbproj", "{C83A4BD0-9079-46F2-B02B-72D792C95DDC}"
EndProject
Global
	GlobalSection(SolutionConfigurationPlatforms) = preSolution
		Debug|Any CPU = Debug|Any CPU
		Release|Any CPU = Release|Any CPU
	EndGlobalSection
	GlobalSection(ProjectConfigurationPlatforms) = postSolution
		{C83A4BD0-9079-46F2-B02B-72D792C95DDC}.Debug|Any CPU.ActiveCfg = Debug|Any CPU
		{C83A4BD0-9079-46F2-B02B-72D792C95DDC}.Debug|Any CPU.Build.0 = Debug|Any CPU
		{C83A4BD0-9079-46F2-B02B-72D792C95DDC}.Release|Any CPU.ActiveCfg = Release|Any CPU
		{C83A4BD0-9079-46F2-B02B-72D792C95DDC}.Release|Any CPU.Build.0 = Release|Any CPU
	EndGlobalSection
	GlobalSection(SolutionProperties) = preSolution
		HideSolutionNode = FALSE
	EndGlobalSection
	GlobalSection(ExtensibilityGlobals) = postSolution
		SolutionGuid = {105EE5A9-CB45-4142-BD09-93CF85BFA5F1}
	EndGlobalSection
EndGlobal
